
Microsoft Visual Studio Solution File, Format Version 12.00
# Visual Studio Version 17
VisualStudioVersion = 17.12.35527.113
MinimumVisualStudioVersion = 10.0.40219.1
Project("{FAE04EC0-301F-11D3-BF4B-00C04F79EFBC}") = "ApontamentoDeHoras.APP", "ApontamentoDeHoras.APP\ApontamentoDeHoras.APP.csproj", "{F0F80171-D0B1-44A0-B549-B98981963449}"
EndProject
Project("{FAE04EC0-301F-11D3-BF4B-00C04F79EFBC}") = "ApontamentoDeHoras.Domain", "ApontamentoDeHoras.Domain\ApontamentoDeHoras.Domain.csproj", "{D0AF1A38-0105-42E6-A9AB-251D04E15580}"
EndProject
Project("{2150E333-8FDC-42A3-9474-1A3956D46DE8}") = "banco", "banco", "{FC19DB44-5A37-4A99-976E-A459B9FDE500}"
	ProjectSection(SolutionItems) = preProject
		ContadorDeHoras.db = ContadorDeHoras.db
	EndProjectSection
EndProject
Global
	GlobalSection(SolutionConfigurationPlatforms) = preSolution
		Debug|Any CPU = Debug|Any CPU
		Release|Any CPU = Release|Any CPU
	EndGlobalSection
	GlobalSection(ProjectConfigurationPlatforms) = postSolution
		{F0F80171-D0B1-44A0-B549-B98981963449}.Debug|Any CPU.ActiveCfg = Debug|Any CPU
		{F0F80171-D0B1-44A0-B549-B98981963449}.Debug|Any CPU.Build.0 = Debug|Any CPU
		{F0F80171-D0B1-44A0-B549-B98981963449}.Release|Any CPU.ActiveCfg = Release|Any CPU
		{F0F80171-D0B1-44A0-B549-B98981963449}.Release|Any CPU.Build.0 = Release|Any CPU
		{D0AF1A38-0105-42E6-A9AB-251D04E15580}.Debug|Any CPU.ActiveCfg = Debug|Any CPU
		{D0AF1A38-0105-42E6-A9AB-251D04E15580}.Debug|Any CPU.Build.0 = Debug|Any CPU
		{D0AF1A38-0105-42E6-A9AB-251D04E15580}.Release|Any CPU.ActiveCfg = Release|Any CPU
		{D0AF1A38-0105-42E6-A9AB-251D04E15580}.Release|Any CPU.Build.0 = Release|Any CPU
	EndGlobalSection
	GlobalSection(SolutionProperties) = preSolution
		HideSolutionNode = FALSE
	EndGlobalSection
EndGlobal
